
Microsoft Visual Studio Solution File, Format Version 12.00
# Visual Studio Version 16
VisualStudioVersion = 16.0.30413.136
MinimumVisualStudioVersion = 10.0.40219.1
Project("{FAE04EC0-301F-11D3-BF4B-00C04F79EFBC}") = "MyNotepad", "MyNotepad\MyNotepad.csproj", "{492F0E95-8638-47E1-9960-5EA0B2837467}"
EndProject
Global
	GlobalSection(SolutionConfigurationPlatforms) = preSolution
		Debug|Any CPU = Debug|Any CPU
		Release|Any CPU = Release|Any CPU
	EndGlobalSection
	GlobalSection(ProjectConfigurationPlatforms) = postSolution
		{492F0E95-8638-47E1-9960-5EA0B2837467}.Debug|Any CPU.ActiveCfg = Debug|Any CPU
		{492F0E95-8638-47E1-9960-5EA0B2837467}.Debug|Any CPU.Build.0 = Debug|Any CPU
		{492F0E95-8638-47E1-9960-5EA0B2837467}.Release|Any CPU.ActiveCfg = Release|Any CPU
		{492F0E95-8638-47E1-9960-5EA0B2837467}.Release|Any CPU.Build.0 = Release|Any CPU
	EndGlobalSection
	GlobalSection(SolutionProperties) = preSolution
		HideSolutionNode = FALSE
	EndGlobalSection
	GlobalSection(ExtensibilityGlobals) = postSolution
		SolutionGuid = {700D6F2B-3C09-4D13-BE7C-6AEEC410E51C}
	EndGlobalSection
EndGlobal
